
Microsoft Visual Studio Solution File, Format Version 12.00
# Visual Studio Version 16
VisualStudioVersion = 16.0.28729.10
MinimumVisualStudioVersion = 10.0.40219.1
Project("{9A19103F-16F7-4668-BE54-9A1E7A4F7556}") = "ReservationSystem", "ReservationSystem\ReservationSystem.csproj", "{FCC99A03-2D50-48FA-BC17-F2D91437887F}"
EndProject
Project("{FAE04EC0-301F-11D3-BF4B-00C04F79EFBC}") = "Services", "Services\Services.csproj", "{CC0DC2A9-0C4A-4288-B9CF-4A87B5663F32}"
EndProject
Project("{FAE04EC0-301F-11D3-BF4B-00C04F79EFBC}") = "Repository", "Repository\Repository.csproj", "{ECE8F007-B2EB-4671-811B-255BA6373091}"
EndProject
Global
	GlobalSection(SolutionConfigurationPlatforms) = preSolution
		Debug|Any CPU = Debug|Any CPU
		Release|Any CPU = Release|Any CPU
	EndGlobalSection
	GlobalSection(ProjectConfigurationPlatforms) = postSolution
		{FCC99A03-2D50-48FA-BC17-F2D91437887F}.Debug|Any CPU.ActiveCfg = Debug|Any CPU
		{FCC99A03-2D50-48FA-BC17-F2D91437887F}.Debug|Any CPU.Build.0 = Debug|Any CPU
		{FCC99A03-2D50-48FA-BC17-F2D91437887F}.Release|Any CPU.ActiveCfg = Release|Any CPU
		{FCC99A03-2D50-48FA-BC17-F2D91437887F}.Release|Any CPU.Build.0 = Release|Any CPU
		{CC0DC2A9-0C4A-4288-B9CF-4A87B5663F32}.Debug|Any CPU.ActiveCfg = Debug|Any CPU
		{CC0DC2A9-0C4A-4288-B9CF-4A87B5663F32}.Debug|Any CPU.Build.0 = Debug|Any CPU
		{CC0DC2A9-0C4A-4288-B9CF-4A87B5663F32}.Release|Any CPU.ActiveCfg = Release|Any CPU
		{CC0DC2A9-0C4A-4288-B9CF-4A87B5663F32}.Release|Any CPU.Build.0 = Release|Any CPU
		{ECE8F007-B2EB-4671-811B-255BA6373091}.Debug|Any CPU.ActiveCfg = Debug|Any CPU
		{ECE8F007-B2EB-4671-811B-255BA6373091}.Debug|Any CPU.Build.0 = Debug|Any CPU
		{ECE8F007-B2EB-4671-811B-255BA6373091}.Release|Any CPU.ActiveCfg = Release|Any CPU
		{ECE8F007-B2EB-4671-811B-255BA6373091}.Release|Any CPU.Build.0 = Release|Any CPU
	EndGlobalSection
	GlobalSection(SolutionProperties) = preSolution
		HideSolutionNode = FALSE
	EndGlobalSection
	GlobalSection(ExtensibilityGlobals) = postSolution
		SolutionGuid = {DAEE5DB4-4639-48BE-A9E5-64153DC96860}
	EndGlobalSection
EndGlobal
